Microsoft Visual Studio Solution File, Format Version 12.00
# Visual Studio Version 17
VisualStudioVersion = 17.5.2.0
MinimumVisualStudioVersion = 10.0.40219.1
Project("{FAE04EC0-301F-11D3-BF4B-00C04F79EFBC}") = "Api", "Api\Api.csproj", "{CBFA08EA-AECE-205F-7B85-326FD0B81BAD}"
EndProject
Project("{2150E333-8FDC-42A3-9474-1A3956D46DE8}") = "Gui", "Gui", "{9824AA2D-9169-1FBC-8A83-7227C72EA239}"
EndProject
Project("{FAE04EC0-301F-11D3-BF4B-00C04F79EFBC}") = "WpfApp", "Gui\WpfApp\WpfApp.csproj", "{E74B61A7-4A54-AE52-B257-336CF4D30B5E}"
EndProject
Global
	GlobalSection(SolutionConfigurationPlatforms) = preSolution
		Debug|Any CPU = Debug|Any CPU
		Release|Any CPU = Release|Any CPU
	EndGlobalSection
	GlobalSection(ProjectConfigurationPlatforms) = postSolution
		{CBFA08EA-AECE-205F-7B85-326FD0B81BAD}.Debug|Any CPU.ActiveCfg = Debug|Any CPU
		{CBFA08EA-AECE-205F-7B85-326FD0B81BAD}.Debug|Any CPU.Build.0 = Debug|Any CPU
		{CBFA08EA-AECE-205F-7B85-326FD0B81BAD}.Release|Any CPU.ActiveCfg = Release|Any CPU
		{CBFA08EA-AECE-205F-7B85-326FD0B81BAD}.Release|Any CPU.Build.0 = Release|Any CPU
		{E74B61A7-4A54-AE52-B257-336CF4D30B5E}.Debug|Any CPU.ActiveCfg = Debug|Any CPU
		{E74B61A7-4A54-AE52-B257-336CF4D30B5E}.Debug|Any CPU.Build.0 = Debug|Any CPU
		{E74B61A7-4A54-AE52-B257-336CF4D30B5E}.Release|Any CPU.ActiveCfg = Release|Any CPU
		{E74B61A7-4A54-AE52-B257-336CF4D30B5E}.Release|Any CPU.Build.0 = Release|Any CPU
	EndGlobalSection
	GlobalSection(SolutionProperties) = preSolution
		HideSolutionNode = FALSE
	EndGlobalSection
	GlobalSection(NestedProjects) = preSolution
		{E74B61A7-4A54-AE52-B257-336CF4D30B5E} = {9824AA2D-9169-1FBC-8A83-7227C72EA239}
	EndGlobalSection
	GlobalSection(ExtensibilityGlobals) = postSolution
		SolutionGuid = {C2DD34E7-6F79-4327-B496-E0E5B0A47BA8}
	EndGlobalSection
EndGlobal
